
Microsoft Visual Studio Solution File, Format Version 12.00
# Visual Studio Version 16
VisualStudioVersion = 16.0.30907.101
MinimumVisualStudioVersion = 10.0.40219.1
Project("{FAE04EC0-301F-11D3-BF4B-00C04F79EFBC}") = "KR1", "KR1\KR1.csproj", "{44C49C4E-16A9-4640-80BF-AC2B32648CB4}"
EndProject
Global
	GlobalSection(SolutionConfigurationPlatforms) = preSolution
		Debug|Any CPU = Debug|Any CPU
		Release|Any CPU = Release|Any CPU
	EndGlobalSection
	GlobalSection(ProjectConfigurationPlatforms) = postSolution
		{44C49C4E-16A9-4640-80BF-AC2B32648CB4}.Debug|Any CPU.ActiveCfg = Debug|Any CPU
		{44C49C4E-16A9-4640-80BF-AC2B32648CB4}.Debug|Any CPU.Build.0 = Debug|Any CPU
		{44C49C4E-16A9-4640-80BF-AC2B32648CB4}.Release|Any CPU.ActiveCfg = Release|Any CPU
		{44C49C4E-16A9-4640-80BF-AC2B32648CB4}.Release|Any CPU.Build.0 = Release|Any CPU
	EndGlobalSection
	GlobalSection(SolutionProperties) = preSolution
		HideSolutionNode = FALSE
	EndGlobalSection
	GlobalSection(ExtensibilityGlobals) = postSolution
		SolutionGuid = {3FC9DE5F-149B-4B91-876D-18B993D5A5D7}
	EndGlobalSection
EndGlobal
